
Microsoft Visual Studio Solution File, Format Version 12.00
# Visual Studio Version 17
VisualStudioVersion = 17.0.32002.185
MinimumVisualStudioVersion = 10.0.40219.1
Project("{9A19103F-16F7-4668-BE54-9A1E7A4F7556}") = "Simplify.Web.Swagger", "Simplify.Web.Swagger\Simplify.Web.Swagger.csproj", "{DADAA79F-4C1D-499F-9662-2F0D6857F0AF}"
EndProject
Global
	GlobalSection(SolutionConfigurationPlatforms) = preSolution
		Debug|Any CPU = Debug|Any CPU
		Release|Any CPU = Release|Any CPU
	EndGlobalSection
	GlobalSection(ProjectConfigurationPlatforms) = postSolution
		{DADAA79F-4C1D-499F-9662-2F0D6857F0AF}.Debug|Any CPU.ActiveCfg = Debug|Any CPU
		{DADAA79F-4C1D-499F-9662-2F0D6857F0AF}.Debug|Any CPU.Build.0 = Debug|Any CPU
		{DADAA79F-4C1D-499F-9662-2F0D6857F0AF}.Release|Any CPU.ActiveCfg = Release|Any CPU
		{DADAA79F-4C1D-499F-9662-2F0D6857F0AF}.Release|Any CPU.Build.0 = Release|Any CPU
	EndGlobalSection
	GlobalSection(SolutionProperties) = preSolution
		HideSolutionNode = FALSE
	EndGlobalSection
	GlobalSection(ExtensibilityGlobals) = postSolution
		SolutionGuid = {D3320763-8B85-4B4E-A685-A562D8FC654D}
	EndGlobalSection
EndGlobal
